
Microsoft Visual Studio Solution File, Format Version 12.00
# Visual Studio Version 16
VisualStudioVersion = 16.0.33801.447
MinimumVisualStudioVersion = 10.0.40219.1
Project("{FAE04EC0-301F-11D3-BF4B-00C04F79EFBC}") = "BaseDatos", "BaseDatos\BaseDatos.csproj", "{B5C17C95-247A-4BC3-B804-E34C30CD73BD}"
EndProject
Global
	GlobalSection(SolutionConfigurationPlatforms) = preSolution
		Debug|Any CPU = Debug|Any CPU
		Release|Any CPU = Release|Any CPU
	EndGlobalSection
	GlobalSection(ProjectConfigurationPlatforms) = postSolution
		{B5C17C95-247A-4BC3-B804-E34C30CD73BD}.Debug|Any CPU.ActiveCfg = Debug|Any CPU
		{B5C17C95-247A-4BC3-B804-E34C30CD73BD}.Debug|Any CPU.Build.0 = Debug|Any CPU
		{B5C17C95-247A-4BC3-B804-E34C30CD73BD}.Release|Any CPU.ActiveCfg = Release|Any CPU
		{B5C17C95-247A-4BC3-B804-E34C30CD73BD}.Release|Any CPU.Build.0 = Release|Any CPU
	EndGlobalSection
	GlobalSection(SolutionProperties) = preSolution
		HideSolutionNode = FALSE
	EndGlobalSection
	GlobalSection(ExtensibilityGlobals) = postSolution
		SolutionGuid = {27BBCFFC-D163-4DC8-ABFA-1B6A8CEB894D}
	EndGlobalSection
EndGlobal
